dependencies:
- name: postgresql
  repository: https://charts.bitnami.com/bitnami
  version: 14.3.1
- name: elasticsearch
  repository: https://helm.elastic.co
  version: 7.17.3
- name: rabbitmq
  repository: https://charts.bitnami.com/bitnami
  version: 12.15.0
- name: memcached
  repository: https://charts.bitnami.com/bitnami
  version: 7.0.1
digest: sha256:6eec7cfd4ba7ef76c073c4a821687e4b2423b8fa7157ba6600f98ab2c811d77f
generated: "2024-03-19T16:35:16.910847+10:00"
