dependencies:
- name: postgresql
  repository: https://charts.bitnami.com/bitnami
  version: 14.3.1
- name: elasticsearch
  repository: https://helm.elastic.co
  version: 7.17.3
- name: rabbitmq
  repository: https://charts.bitnami.com/bitnami
  version: 12.15.0
digest: sha256:56a8265fa36a287a4863dbc57410ec96376fafd37025225e990517d6029fa23e
generated: "2024-03-12T11:00:26.797736+10:00"
